// !$*UTF8*$!
{
	archiveVersion = 1;
	classes = {
	};
	objectVersion = 55;
	objects = {

/* Begin PBXBuildFile section */
		06666A05288B4538000D7461 /* HistoryTableViewCell.swift in Sources */ = {isa = PBXBuildFile; fileRef = 06666A04288B4538000D7461 /* HistoryTableViewCell.swift */; };
		06BB02A7288AA94B00C61D4B /* AppDelegate.swift in Sources */ = {isa = PBXBuildFile; fileRef = 06BB02A6288AA94B00C61D4B /* AppDelegate.swift */; };
		06BB02A9288AA94B00C61D4B /* SceneDelegate.swift in Sources */ = {isa = PBXBuildFile; fileRef = 06BB02A8288AA94B00C61D4B /* SceneDelegate.swift */; };
		06BB02AB288AA94B00C61D4B /* ViewController.swift in Sources */ = {isa = PBXBuildFile; fileRef = 06BB02AA288AA94B00C61D4B /* ViewController.swift */; };
		06BB02AE288AA94B00C61D4B /* Main.storyboard in Resources */ = {isa = PBXBuildFile; fileRef = 06BB02AC288AA94B00C61D4B /* Main.storyboard */; };
		06BB02B0288AA94D00C61D4B /* Assets.xcassets in Resources */ = {isa = PBXBuildFile; fileRef = 06BB02AF288AA94D00C61D4B /* Assets.xcassets */; };
		06BB02B3288AA94D00C61D4B /* LaunchScreen.storyboard in Resources */ = {isa = PBXBuildFile; fileRef = 06BB02B1288AA94D00C61D4B /* LaunchScreen.storyboard */; };
		06BB02BE288AA94D00C61D4B /* BunqTestPaymentTests.swift in Sources */ = {isa = PBXBuildFile; fileRef = 06BB02BD288AA94D00C61D4B /* BunqTestPaymentTests.swift */; };
		06BB02C8288AA94D00C61D4B /* BunqTestPaymentUITests.swift in Sources */ = {isa = PBXBuildFile; fileRef = 06BB02C7288AA94D00C61D4B /* BunqTestPaymentUITests.swift */; };
		06BB02CA288AA94D00C61D4B /* BunqTestPaymentUITestsLaunchTests.swift in Sources */ = {isa = PBXBuildFile; fileRef = 06BB02C9288AA94D00C61D4B /* BunqTestPaymentUITestsLaunchTests.swift */; };
		06BB02DC288AEF9F00C61D4B /* Models.swift in Sources */ = {isa = PBXBuildFile; fileRef = 06BB02DB288AEF9F00C61D4B /* Models.swift */; };
		06BB02DE288AF01200C61D4B /* MainViewModel.swift in Sources */ = {isa = PBXBuildFile; fileRef = 06BB02DD288AF01200C61D4B /* MainViewModel.swift */; };
		06BB02E1288AF04700C61D4B /* ApiService.swift in Sources */ = {isa = PBXBuildFile; fileRef = 06BB02E0288AF04700C61D4B /* ApiService.swift */; };
		06BB02E4288AF09D00C61D4B /* Storage.swift in Sources */ = {isa = PBXBuildFile; fileRef = 06BB02E3288AF09D00C61D4B /* Storage.swift */; };
		06BB02E6288B0D4900C61D4B /* PaymentViewController.swift in Sources */ = {isa = PBXBuildFile; fileRef = 06BB02E5288B0D4900C61D4B /* PaymentViewController.swift */; };
		06BB02E9288B0F0000C61D4B /* PaymentViewModel.swift in Sources */ = {isa = PBXBuildFile; fileRef = 06BB02E8288B0F0000C61D4B /* PaymentViewModel.swift */; };
		06BB02EC288B1D8000C61D4B /* Helpers+Extentions.swift in Sources */ = {isa = PBXBuildFile; fileRef = 06BB02EB288B1D8000C61D4B /* Helpers+Extentions.swift */; };
		06BB02EE288B241500C61D4B /* DetailViewController.swift in Sources */ = {isa = PBXBuildFile; fileRef = 06BB02ED288B241500C61D4B /* DetailViewController.swift */; };
		08110C64614B125A8C659710 /* Pods_BunqTestPaymentTests.framework in Frameworks */ = {isa = PBXBuildFile; fileRef = D8A603C9C26D2D1A0D0B1CFB /* Pods_BunqTestPaymentTests.framework */; };
		5E5442E76DC72C26A2EA5B3B /* Pods_BunqTestPayment.framework in Frameworks */ = {isa = PBXBuildFile; fileRef = 6981DB3B0557443D18464FA0 /* Pods_BunqTestPayment.framework */; };
		98AF3D5774F5F0B6F6F768D4 /* Pods_BunqTestPayment_BunqTestPaymentUITests.framework in Frameworks */ = {isa = PBXBuildFile; fileRef = 0F31FF3279660326559B7398 /* Pods_BunqTestPayment_BunqTestPaymentUITests.framework */; };
/* End PBXBuildFile section */

/* Begin PBXContainerItemProxy section */
		06BB02BA288AA94D00C61D4B /* PBXContainerItemProxy */ = {
			isa = PBXContainerItemProxy;
			containerPortal = 06BB029B288AA94B00C61D4B /* Project object */;
			proxyType = 1;
			remoteGlobalIDString = 06BB02A2288AA94B00C61D4B;
			remoteInfo = BunqTestPayment;
		};
		06BB02C4288AA94D00C61D4B /* PBXContainerItemProxy */ = {
			isa = PBXContainerItemProxy;
			containerPortal = 06BB029B288AA94B00C61D4B /* Project object */;
			proxyType = 1;
			remoteGlobalIDString = 06BB02A2288AA94B00C61D4B;
			remoteInfo = BunqTestPayment;
		};
/* End PBXContainerItemProxy section */

/* Begin PBXFileReference section */
		06666A04288B4538000D7461 /* HistoryTableViewCell.swift */ = {isa = PBXFileReference; lastKnownFileType = sourcecode.swift; path = HistoryTableViewCell.swift; sourceTree = "<group>"; };
		06BB02A3288AA94B00C61D4B /* BunqTestPayment.app */ = {isa = PBXFileReference; explicitFileType = wrapper.application; includeInIndex = 0; path = BunqTestPayment.app; sourceTree = BUILT_PRODUCTS_DIR; };
		06BB02A6288AA94B00C61D4B /* AppDelegate.swift */ = {isa = PBXFileReference; lastKnownFileType = sourcecode.swift; path = AppDelegate.swift; sourceTree = "<group>"; };
		06BB02A8288AA94B00C61D4B /* SceneDelegate.swift */ = {isa = PBXFileReference; lastKnownFileType = sourcecode.swift; path = SceneDelegate.swift; sourceTree = "<group>"; };
		06BB02AA288AA94B00C61D4B /* ViewController.swift */ = {isa = PBXFileReference; lastKnownFileType = sourcecode.swift; path = ViewController.swift; sourceTree = "<group>"; };
		06BB02AD288AA94B00C61D4B /* Base */ = {isa = PBXFileReference; lastKnownFileType = file.storyboard; name = Base; path = Base.lproj/Main.storyboard; sourceTree = "<group>"; };
		06BB02AF288AA94D00C61D4B /* Assets.xcassets */ = {isa = PBXFileReference; lastKnownFileType = folder.assetcatalog; path = Assets.xcassets; sourceTree = "<group>"; };
		06BB02B2288AA94D00C61D4B /* Base */ = {isa = PBXFileReference; lastKnownFileType = file.storyboard; name = Base; path = Base.lproj/LaunchScreen.storyboard; sourceTree = "<group>"; };
		06BB02B4288AA94D00C61D4B /* Info.plist */ = {isa = PBXFileReference; lastKnownFileType = text.plist.xml; path = Info.plist; sourceTree = "<group>"; };
		06BB02B9288AA94D00C61D4B /* BunqTestPaymentTests.xctest */ = {isa = PBXFileReference; explicitFileType = wrapper.cfbundle; includeInIndex = 0; path = BunqTestPaymentTests.xctest; sourceTree = BUILT_PRODUCTS_DIR; };
		06BB02BD288AA94D00C61D4B /* BunqTestPaymentTests.swift */ = {isa = PBXFileReference; lastKnownFileType = sourcecode.swift; path = BunqTestPaymentTests.swift; sourceTree = "<group>"; };
		06BB02C3288AA94D00C61D4B /* BunqTestPaymentUITests.xctest */ = {isa = PBXFileReference; explicitFileType = wrapper.cfbundle; includeInIndex = 0; path = BunqTestPaymentUITests.xctest; sourceTree = BUILT_PRODUCTS_DIR; };
		06BB02C7288AA94D00C61D4B /* BunqTestPaymentUITests.swift */ = {isa = PBXFileReference; lastKnownFileType = sourcecode.swift; path = BunqTestPaymentUITests.swift; sourceTree = "<group>"; };
		06BB02C9288AA94D00C61D4B /* BunqTestPaymentUITestsLaunchTests.swift */ = {isa = PBXFileReference; lastKnownFileType = sourcecode.swift; path = BunqTestPaymentUITestsLaunchTests.swift; sourceTree = "<group>"; };
		06BB02DB288AEF9F00C61D4B /* Models.swift */ = {isa = PBXFileReference; lastKnownFileType = sourcecode.swift; path = Models.swift; sourceTree = "<group>"; };
		06BB02DD288AF01200C61D4B /* MainViewModel.swift */ = {isa = PBXFileReference; lastKnownFileType = sourcecode.swift; path = MainViewModel.swift; sourceTree = "<group>"; };
		06BB02E0288AF04700C61D4B /* ApiService.swift */ = {isa = PBXFileReference; lastKnownFileType = sourcecode.swift; path = ApiService.swift; sourceTree = "<group>"; };
		06BB02E3288AF09D00C61D4B /* Storage.swift */ = {isa = PBXFileReference; lastKnownFileType = sourcecode.swift; path = Storage.swift; sourceTree = "<group>"; };
		06BB02E5288B0D4900C61D4B /* PaymentViewController.swift */ = {isa = PBXFileReference; lastKnownFileType = sourcecode.swift; path = PaymentViewController.swift; sourceTree = "<group>"; };
		06BB02E8288B0F0000C61D4B /* PaymentViewModel.swift */ = {isa = PBXFileReference; lastKnownFileType = sourcecode.swift; path = PaymentViewModel.swift; sourceTree = "<group>"; };
		06BB02EB288B1D8000C61D4B /* Helpers+Extentions.swift */ = {isa = PBXFileReference; lastKnownFileType = sourcecode.swift; path = "Helpers+Extentions.swift"; sourceTree = "<group>"; };
		06BB02ED288B241500C61D4B /* DetailViewController.swift */ = {isa = PBXFileReference; lastKnownFileType = sourcecode.swift; path = DetailViewController.swift; sourceTree = "<group>"; };
		0F31FF3279660326559B7398 /* Pods_BunqTestPayment_BunqTestPaymentUITests.framework */ = {isa = PBXFileReference; explicitFileType = wrapper.framework; includeInIndex = 0; path = Pods_BunqTestPayment_BunqTestPaymentUITests.framework; sourceTree = BUILT_PRODUCTS_DIR; };
		3FF6AE49011EE1E41481B59B /* Pods-BunqTestPayment-BunqTestPaymentUITests.release.xcconfig */ = {isa = PBXFileReference; includeInIndex = 1; lastKnownFileType = text.xcconfig; name = "Pods-BunqTestPayment-BunqTestPaymentUITests.release.xcconfig"; path = "Target Support Files/Pods-BunqTestPayment-BunqTestPaymentUITests/Pods-BunqTestPayment-BunqTestPaymentUITests.release.xcconfig"; sourceTree = "<group>"; };
		4C8C48D63AD7557E4C9901A1 /* Pods-BunqTestPayment.release.xcconfig */ = {isa = PBXFileReference; includeInIndex = 1; lastKnownFileType = text.xcconfig; name = "Pods-BunqTestPayment.release.xcconfig"; path = "Target Support Files/Pods-BunqTestPayment/Pods-BunqTestPayment.release.xcconfig"; sourceTree = "<group>"; };
		6981DB3B0557443D18464FA0 /* Pods_BunqTestPayment.framework */ = {isa = PBXFileReference; explicitFileType = wrapper.framework; includeInIndex = 0; path = Pods_BunqTestPayment.framework; sourceTree = BUILT_PRODUCTS_DIR; };
		8781CEEB40BC10307FA20AF1 /* Pods-BunqTestPaymentTests.release.xcconfig */ = {isa = PBXFileReference; includeInIndex = 1; lastKnownFileType = text.xcconfig; name = "Pods-BunqTestPaymentTests.release.xcconfig"; path = "Target Support Files/Pods-BunqTestPaymentTests/Pods-BunqTestPaymentTests.release.xcconfig"; sourceTree = "<group>"; };
		93234EE385F49DED974BBFE8 /* Pods-BunqTestPayment-BunqTestPaymentUITests.debug.xcconfig */ = {isa = PBXFileReference; includeInIndex = 1; lastKnownFileType = text.xcconfig; name = "Pods-BunqTestPayment-BunqTestPaymentUITests.debug.xcconfig"; path = "Target Support Files/Pods-BunqTestPayment-BunqTestPaymentUITests/Pods-BunqTestPayment-BunqTestPaymentUITests.debug.xcconfig"; sourceTree = "<group>"; };
		CFA190AB05C95ACFA8C9001E /* Pods-BunqTestPayment.debug.xcconfig */ = {isa = PBXFileReference; includeInIndex = 1; lastKnownFileType = text.xcconfig; name = "Pods-BunqTestPayment.debug.xcconfig"; path = "Target Support Files/Pods-BunqTestPayment/Pods-BunqTestPayment.debug.xcconfig"; sourceTree = "<group>"; };
		D8A603C9C26D2D1A0D0B1CFB /* Pods_BunqTestPaymentTests.framework */ = {isa = PBXFileReference; explicitFileType = wrapper.framework; includeInIndex = 0; path = Pods_BunqTestPaymentTests.framework; sourceTree = BUILT_PRODUCTS_DIR; };
		EE3722B5B473001495C9C9D7 /* Pods-BunqTestPaymentTests.debug.xcconfig */ = {isa = PBXFileReference; includeInIndex = 1; lastKnownFileType = text.xcconfig; name = "Pods-BunqTestPaymentTests.debug.xcconfig"; path = "Target Support Files/Pods-BunqTestPaymentTests/Pods-BunqTestPaymentTests.debug.xcconfig"; sourceTree = "<group>"; };
/* End PBXFileReference section */

/* Begin PBXFrameworksBuildPhase section */
		06BB02A0288AA94B00C61D4B /* Frameworks */ = {
			isa = PBXFrameworksBuildPhase;
			buildActionMask = 2147483647;
			files = (
				5E5442E76DC72C26A2EA5B3B /* Pods_BunqTestPayment.framework in Frameworks */,
			);
			runOnlyForDeploymentPostprocessing = 0;
		};
		06BB02B6288AA94D00C61D4B /* Frameworks */ = {
			isa = PBXFrameworksBuildPhase;
			buildActionMask = 2147483647;
			files = (
				08110C64614B125A8C659710 /* Pods_BunqTestPaymentTests.framework in Frameworks */,
			);
			runOnlyForDeploymentPostprocessing = 0;
		};
		06BB02C0288AA94D00C61D4B /* Frameworks */ = {
			isa = PBXFrameworksBuildPhase;
			buildActionMask = 2147483647;
			files = (
				98AF3D5774F5F0B6F6F768D4 /* Pods_BunqTestPayment_BunqTestPaymentUITests.framework in Frameworks */,
			);
			runOnlyForDeploymentPostprocessing = 0;
		};
/* End PBXFrameworksBuildPhase section */

/* Begin PBXGroup section */
		06BB029A288AA94B00C61D4B = {
			isa = PBXGroup;
			children = (
				06BB02A5288AA94B00C61D4B /* BunqTestPayment */,
				06BB02BC288AA94D00C61D4B /* BunqTestPaymentTests */,
				06BB02C6288AA94D00C61D4B /* BunqTestPaymentUITests */,
				06BB02A4288AA94B00C61D4B /* Products */,
				9815D32D8696150BE82A5D26 /* Pods */,
				2E8CCE5C4C599846882A33B8 /* Frameworks */,
			);
			sourceTree = "<group>";
		};
		06BB02A4288AA94B00C61D4B /* Products */ = {
			isa = PBXGroup;
			children = (
				06BB02A3288AA94B00C61D4B /* BunqTestPayment.app */,
				06BB02B9288AA94D00C61D4B /* BunqTestPaymentTests.xctest */,
				06BB02C3288AA94D00C61D4B /* BunqTestPaymentUITests.xctest */,
			);
			name = Products;
			sourceTree = "<group>";
		};
		06BB02A5288AA94B00C61D4B /* BunqTestPayment */ = {
			isa = PBXGroup;
			children = (
				06BB02EA288B1D6E00C61D4B /* Helpers */,
				06BB02E2288AF08200C61D4B /* StorageHelper */,
				06BB02DF288AF02900C61D4B /* ApiService */,
				06BB02DA288AEF2100C61D4B /* Models */,
				06BB02D9288AEF1200C61D4B /* MainViewModel */,
				06BB02E7288B0EE900C61D4B /* PayViewModel */,
				06BB02D8288AEF0700C61D4B /* Views */,
				06BB02A6288AA94B00C61D4B /* AppDelegate.swift */,
				06BB02A8288AA94B00C61D4B /* SceneDelegate.swift */,
				06BB02AC288AA94B00C61D4B /* Main.storyboard */,
				06BB02AF288AA94D00C61D4B /* Assets.xcassets */,
				06BB02B1288AA94D00C61D4B /* LaunchScreen.storyboard */,
				06BB02B4288AA94D00C61D4B /* Info.plist */,
			);
			path = BunqTestPayment;
			sourceTree = "<group>";
		};
		06BB02BC288AA94D00C61D4B /* BunqTestPaymentTests */ = {
			isa = PBXGroup;
			children = (
				06BB02BD288AA94D00C61D4B /* BunqTestPaymentTests.swift */,
			);
			path = BunqTestPaymentTests;
			sourceTree = "<group>";
		};
		06BB02C6288AA94D00C61D4B /* BunqTestPaymentUITests */ = {
			isa = PBXGroup;
			children = (
				06BB02C7288AA94D00C61D4B /* BunqTestPaymentUITests.swift */,
				06BB02C9288AA94D00C61D4B /* BunqTestPaymentUITestsLaunchTests.swift */,
			);
			path = BunqTestPaymentUITests;
			sourceTree = "<group>";
		};
		06BB02D8288AEF0700C61D4B /* Views */ = {
			isa = PBXGroup;
			children = (
				06BB02AA288AA94B00C61D4B /* ViewController.swift */,
				06BB02E5288B0D4900C61D4B /* PaymentViewController.swift */,
				06BB02ED288B241500C61D4B /* DetailViewController.swift */,
				06666A04288B4538000D7461 /* HistoryTableViewCell.swift */,
			);
			path = Views;
			sourceTree = "<group>";
		};
		06BB02D9288AEF1200C61D4B /* MainViewModel */ = {
			isa = PBXGroup;
			children = (
				06BB02DD288AF01200C61D4B /* MainViewModel.swift */,
			);
			path = MainViewModel;
			sourceTree = "<group>";
		};
		06BB02DA288AEF2100C61D4B /* Models */ = {
			isa = PBXGroup;
			children = (
				06BB02DB288AEF9F00C61D4B /* Models.swift */,
			);
			path = Models;
			sourceTree = "<group>";
		};
		06BB02DF288AF02900C61D4B /* ApiService */ = {
			isa = PBXGroup;
			children = (
				06BB02E0288AF04700C61D4B /* ApiService.swift */,
			);
			name = ApiService;
			sourceTree = "<group>";
		};
		06BB02E2288AF08200C61D4B /* StorageHelper */ = {
			isa = PBXGroup;
			children = (
				06BB02E3288AF09D00C61D4B /* Storage.swift */,
			);
			path = StorageHelper;
			sourceTree = "<group>";
		};
		06BB02E7288B0EE900C61D4B /* PayViewModel */ = {
			isa = PBXGroup;
			children = (
				06BB02E8288B0F0000C61D4B /* PaymentViewModel.swift */,
			);
			path = PayViewModel;
			sourceTree = "<group>";
		};
		06BB02EA288B1D6E00C61D4B /* Helpers */ = {
			isa = PBXGroup;
			children = (
				06BB02EB288B1D8000C61D4B /* Helpers+Extentions.swift */,
			);
			path = Helpers;
			sourceTree = "<group>";
		};
		2E8CCE5C4C599846882A33B8 /* Frameworks */ = {
			isa = PBXGroup;
			children = (
				6981DB3B0557443D18464FA0 /* Pods_BunqTestPayment.framework */,
				0F31FF3279660326559B7398 /* Pods_BunqTestPayment_BunqTestPaymentUITests.framework */,
				D8A603C9C26D2D1A0D0B1CFB /* Pods_BunqTestPaymentTests.framework */,
			);
			name = Frameworks;
			sourceTree = "<group>";
		};
		9815D32D8696150BE82A5D26 /* Pods */ = {
			isa = PBXGroup;
			children = (
				CFA190AB05C95ACFA8C9001E /* Pods-BunqTestPayment.debug.xcconfig */,
				4C8C48D63AD7557E4C9901A1 /* Pods-BunqTestPayment.release.xcconfig */,
				93234EE385F49DED974BBFE8 /* Pods-BunqTestPayment-BunqTestPaymentUITests.debug.xcconfig */,
				3FF6AE49011EE1E41481B59B /* Pods-BunqTestPayment-BunqTestPaymentUITests.release.xcconfig */,
				EE3722B5B473001495C9C9D7 /* Pods-BunqTestPaymentTests.debug.xcconfig */,
				8781CEEB40BC10307FA20AF1 /* Pods-BunqTestPaymentTests.release.xcconfig */,
			);
			path = Pods;
			sourceTree = "<group>";
		};
/* End PBXGroup section */

/* Begin PBXNativeTarget section */
		06BB02A2288AA94B00C61D4B /* BunqTestPayment */ = {
			isa = PBXNativeTarget;
			buildConfigurationList = 06BB02CD288AA94D00C61D4B /* Build configuration list for PBXNativeTarget "BunqTestPayment" */;
			buildPhases = (
				2DCEF2367E56B7A5DBFD3BFB /* [CP] Check Pods Manifest.lock */,
				06BB029F288AA94B00C61D4B /* Sources */,
				06BB02A0288AA94B00C61D4B /* Frameworks */,
				06BB02A1288AA94B00C61D4B /* Resources */,
				58E7D7EDF608EA7E9192C8B5 /* [CP] Embed Pods Frameworks */,
			);
			buildRules = (
			);
			dependencies = (
			);
			name = BunqTestPayment;
			productName = BunqTestPayment;
			productReference = 06BB02A3288AA94B00C61D4B /* BunqTestPayment.app */;
			productType = "com.apple.product-type.application";
		};
		06BB02B8288AA94D00C61D4B /* BunqTestPaymentTests */ = {
			isa = PBXNativeTarget;
			buildConfigurationList = 06BB02D0288AA94D00C61D4B /* Build configuration list for PBXNativeTarget "BunqTestPaymentTests" */;
			buildPhases = (
				E5B88A47089CBB5047CFF827 /* [CP] Check Pods Manifest.lock */,
				06BB02B5288AA94D00C61D4B /* Sources */,
				06BB02B6288AA94D00C61D4B /* Frameworks */,
				06BB02B7288AA94D00C61D4B /* Resources */,
			);
			buildRules = (
			);
			dependencies = (
				06BB02BB288AA94D00C61D4B /* PBXTargetDependency */,
			);
			name = BunqTestPaymentTests;
			productName = BunqTestPaymentTests;
			productReference = 06BB02B9288AA94D00C61D4B /* BunqTestPaymentTests.xctest */;
			productType = "com.apple.product-type.bundle.unit-test";
		};
		06BB02C2288AA94D00C61D4B /* BunqTestPaymentUITests */ = {
			isa = PBXNativeTarget;
			buildConfigurationList = 06BB02D3288AA94D00C61D4B /* Build configuration list for PBXNativeTarget "BunqTestPaymentUITests" */;
			buildPhases = (
				01EFC578393E9A97B9F19361 /* [CP] Check Pods Manifest.lock */,
				06BB02BF288AA94D00C61D4B /* Sources */,
				06BB02C0288AA94D00C61D4B /* Frameworks */,
				06BB02C1288AA94D00C61D4B /* Resources */,
				6C37130FB2ECC6E1F39DC5C2 /* [CP] Embed Pods Frameworks */,
			);
			buildRules = (
			);
			dependencies = (
				06BB02C5288AA94D00C61D4B /* PBXTargetDependency */,
			);
			name = BunqTestPaymentUITests;
			productName = BunqTestPaymentUITests;
			productReference = 06BB02C3288AA94D00C61D4B /* BunqTestPaymentUITests.xctest */;
			productType = "com.apple.product-type.bundle.ui-testing";
		};
/* End PBXNativeTarget section */

/* Begin PBXProject section */
		06BB029B288AA94B00C61D4B /* Project object */ = {
			isa = PBXProject;
			attributes = {
				BuildIndependentTargetsInParallel = 1;
				LastSwiftUpdateCheck = 1340;
				LastUpgradeCheck = 1340;
				TargetAttributes = {
					06BB02A2288AA94B00C61D4B = {
						CreatedOnToolsVersion = 13.4.1;
					};
					06BB02B8288AA94D00C61D4B = {
						CreatedOnToolsVersion = 13.4.1;
						TestTargetID = 06BB02A2288AA94B00C61D4B;
					};
					06BB02C2288AA94D00C61D4B = {
						CreatedOnToolsVersion = 13.4.1;
						TestTargetID = 06BB02A2288AA94B00C61D4B;
					};
				};
			};
			buildConfigurationList = 06BB029E288AA94B00C61D4B /* Build configuration list for PBXProject "BunqTestPayment" */;
			compatibilityVersion = "Xcode 13.0";
			developmentRegion = en;
			hasScannedForEncodings = 0;
			knownRegions = (
				en,
				Base,
			);
			mainGroup = 06BB029A288AA94B00C61D4B;
			productRefGroup = 06BB02A4288AA94B00C61D4B /* Products */;
			projectDirPath = "";
			projectRoot = "";
			targets = (
				06BB02A2288AA94B00C61D4B /* BunqTestPayment */,
				06BB02B8288AA94D00C61D4B /* BunqTestPaymentTests */,
				06BB02C2288AA94D00C61D4B /* BunqTestPaymentUITests */,
			);
		};
/* End PBXProject section */

/* Begin PBXResourcesBuildPhase section */
		06BB02A1288AA94B00C61D4B /* Resources */ = {
			isa = PBXResourcesBuildPhase;
			buildActionMask = 2147483647;
			files = (
				06BB02B3288AA94D00C61D4B /* LaunchScreen.storyboard in Resources */,
				06BB02B0288AA94D00C61D4B /* Assets.xcassets in Resources */,
				06BB02AE288AA94B00C61D4B /* Main.storyboard in Resources */,
			);
			runOnlyForDeploymentPostprocessing = 0;
		};
		06BB02B7288AA94D00C61D4B /* Resources */ = {
			isa = PBXResourcesBuildPhase;
			buildActionMask = 2147483647;
			files = (
			);
			runOnlyForDeploymentPostprocessing = 0;
		};
		06BB02C1288AA94D00C61D4B /* Resources */ = {
			isa = PBXResourcesBuildPhase;
			buildActionMask = 2147483647;
			files = (
			);
			runOnlyForDeploymentPostprocessing = 0;
		};
/* End PBXResourcesBuildPhase section */

/* Begin PBXShellScriptBuildPhase section */
		01EFC578393E9A97B9F19361 /* [CP] Check Pods Manifest.lock */ = {
			isa = PBXShellScriptBuildPhase;
			buildActionMask = 2147483647;
			files = (
			);
			inputFileListPaths = (
			);
			inputPaths = (
				"${PODS_PODFILE_DIR_PATH}/Podfile.lock",
				"${PODS_ROOT}/Manifest.lock",
			);
			name = "[CP] Check Pods Manifest.lock";
			outputFileListPaths = (
			);
			outputPaths = (
				"$(DERIVED_FILE_DIR)/Pods-BunqTestPayment-BunqTestPaymentUITests-checkManifestLockResult.txt",
			);
			runOnlyForDeploymentPostprocessing = 0;
			shellPath = /bin/sh;
			shellScript = "diff \"${PODS_PODFILE_DIR_PATH}/Podfile.lock\" \"${PODS_ROOT}/Manifest.lock\" > /dev/null\nif [ $? != 0 ] ; then\n    # print error to STDERR\n    echo \"error: The sandbox is not in sync with the Podfile.lock. Run 'pod install' or update your CocoaPods installation.\" >&2\n    exit 1\nfi\n# This output is used by Xcode 'outputs' to avoid re-running this script phase.\necho \"SUCCESS\" > \"${SCRIPT_OUTPUT_FILE_0}\"\n";
			showEnvVarsInLog = 0;
		};
		2DCEF2367E56B7A5DBFD3BFB /* [CP] Check Pods Manifest.lock */ = {
			isa = PBXShellScriptBuildPhase;
			buildActionMask = 2147483647;
			files = (
			);
			inputFileListPaths = (
			);
			inputPaths = (
				"${PODS_PODFILE_DIR_PATH}/Podfile.lock",
				"${PODS_ROOT}/Manifest.lock",
			);
			name = "[CP] Check Pods Manifest.lock";
			outputFileListPaths = (
			);
			outputPaths = (
				"$(DERIVED_FILE_DIR)/Pods-BunqTestPayment-checkManifestLockResult.txt",
			);
			runOnlyForDeploymentPostprocessing = 0;
			shellPath = /bin/sh;
			shellScript = "diff \"${PODS_PODFILE_DIR_PATH}/Podfile.lock\" \"${PODS_ROOT}/Manifest.lock\" > /dev/null\nif [ $? != 0 ] ; then\n    # print error to STDERR\n    echo \"error: The sandbox is not in sync with the Podfile.lock. Run 'pod install' or update your CocoaPods installation.\" >&2\n    exit 1\nfi\n# This output is used by Xcode 'outputs' to avoid re-running this script phase.\necho \"SUCCESS\" > \"${SCRIPT_OUTPUT_FILE_0}\"\n";
			showEnvVarsInLog = 0;
		};
		58E7D7EDF608EA7E9192C8B5 /* [CP] Embed Pods Frameworks */ = {
			isa = PBXShellScriptBuildPhase;
			buildActionMask = 2147483647;
			files = (
			);
			inputFileListPaths = (
				"${PODS_ROOT}/Target Support Files/Pods-BunqTestPayment/Pods-BunqTestPayment-frameworks-${CONFIGURATION}-input-files.xcfilelist",
			);
			name = "[CP] Embed Pods Frameworks";
			outputFileListPaths = (
				"${PODS_ROOT}/Target Support Files/Pods-BunqTestPayment/Pods-BunqTestPayment-frameworks-${CONFIGURATION}-output-files.xcfilelist",
			);
			runOnlyForDeploymentPostprocessing = 0;
			shellPath = /bin/sh;
			shellScript = "\"${PODS_ROOT}/Target Support Files/Pods-BunqTestPayment/Pods-BunqTestPayment-frameworks.sh\"\n";
			showEnvVarsInLog = 0;
		};
		6C37130FB2ECC6E1F39DC5C2 /* [CP] Embed Pods Frameworks */ = {
			isa = PBXShellScriptBuildPhase;
			buildActionMask = 2147483647;
			files = (
			);
			inputFileListPaths = (
				"${PODS_ROOT}/Target Support Files/Pods-BunqTestPayment-BunqTestPaymentUITests/Pods-BunqTestPayment-BunqTestPaymentUITests-frameworks-${CONFIGURATION}-input-files.xcfilelist",
			);
			name = "[CP] Embed Pods Frameworks";
			outputFileListPaths = (
				"${PODS_ROOT}/Target Support Files/Pods-BunqTestPayment-BunqTestPaymentUITests/Pods-BunqTestPayment-BunqTestPaymentUITests-frameworks-${CONFIGURATION}-output-files.xcfilelist",
			);
			runOnlyForDeploymentPostprocessing = 0;
			shellPath = /bin/sh;
			shellScript = "\"${PODS_ROOT}/Target Support Files/Pods-BunqTestPayment-BunqTestPaymentUITests/Pods-BunqTestPayment-BunqTestPaymentUITests-frameworks.sh\"\n";
			showEnvVarsInLog = 0;
		};
		E5B88A47089CBB5047CFF827 /* [CP] Check Pods Manifest.lock */ = {
			isa = PBXShellScriptBuildPhase;
			buildActionMask = 2147483647;
			files = (
			);
			inputFileListPaths = (
			);
			inputPaths = (
				"${PODS_PODFILE_DIR_PATH}/Podfile.lock",
				"${PODS_ROOT}/Manifest.lock",
			);
			name = "[CP] Check Pods Manifest.lock";
			outputFileListPaths = (
			);
			outputPaths = (
				"$(DERIVED_FILE_DIR)/Pods-BunqTestPaymentTests-checkManifestLockResult.txt",
			);
			runOnlyForDeploymentPostprocessing = 0;
			shellPath = /bin/sh;
			shellScript = "diff \"${PODS_PODFILE_DIR_PATH}/Podfile.lock\" \"${PODS_ROOT}/Manifest.lock\" > /dev/null\nif [ $? != 0 ] ; then\n    # print error to STDERR\n    echo \"error: The sandbox is not in sync with the Podfile.lock. Run 'pod install' or update your CocoaPods installation.\" >&2\n    exit 1\nfi\n# This output is used by Xcode 'outputs' to avoid re-running this script phase.\necho \"SUCCESS\" > \"${SCRIPT_OUTPUT_FILE_0}\"\n";
			showEnvVarsInLog = 0;
		};
/* End PBXShellScriptBuildPhase section */

/* Begin PBXSourcesBuildPhase section */
		06BB029F288AA94B00C61D4B /* Sources */ = {
			isa = PBXSourcesBuildPhase;
			buildActionMask = 2147483647;
			files = (
				06BB02E9288B0F0000C61D4B /* PaymentViewModel.swift in Sources */,
				06BB02AB288AA94B00C61D4B /* ViewController.swift in Sources */,
				06BB02EE288B241500C61D4B /* DetailViewController.swift in Sources */,
				06BB02A7288AA94B00C61D4B /* AppDelegate.swift in Sources */,
				06BB02EC288B1D8000C61D4B /* Helpers+Extentions.swift in Sources */,
				06BB02A9288AA94B00C61D4B /* SceneDelegate.swift in Sources */,
				06666A05288B4538000D7461 /* HistoryTableViewCell.swift in Sources */,
				06BB02DC288AEF9F00C61D4B /* Models.swift in Sources */,
				06BB02E4288AF09D00C61D4B /* Storage.swift in Sources */,
				06BB02E1288AF04700C61D4B /* ApiService.swift in Sources */,
				06BB02E6288B0D4900C61D4B /* PaymentViewController.swift in Sources */,
				06BB02DE288AF01200C61D4B /* MainViewModel.swift in Sources */,
			);
			runOnlyForDeploymentPostprocessing = 0;
		};
		06BB02B5288AA94D00C61D4B /* Sources */ = {
			isa = PBXSourcesBuildPhase;
			buildActionMask = 2147483647;
			files = (
				06BB02BE288AA94D00C61D4B /* BunqTestPaymentTests.swift in Sources */,
			);
			runOnlyForDeploymentPostprocessing = 0;
		};
		06BB02BF288AA94D00C61D4B /* Sources */ = {
			isa = PBXSourcesBuildPhase;
			buildActionMask = 2147483647;
			files = (
				06BB02C8288AA94D00C61D4B /* BunqTestPaymentUITests.swift in Sources */,
				06BB02CA288AA94D00C61D4B /* BunqTestPaymentUITestsLaunchTests.swift in Sources */,
			);
			runOnlyForDeploymentPostprocessing = 0;
		};
/* End PBXSourcesBuildPhase section */

/* Begin PBXTargetDependency section */
		06BB02BB288AA94D00C61D4B /* PBXTargetDependency */ = {
			isa = PBXTargetDependency;
			target = 06BB02A2288AA94B00C61D4B /* BunqTestPayment */;
			targetProxy = 06BB02BA288AA94D00C61D4B /* PBXContainerItemProxy */;
		};
		06BB02C5288AA94D00C61D4B /* PBXTargetDependency */ = {
			isa = PBXTargetDependency;
			target = 06BB02A2288AA94B00C61D4B /* BunqTestPayment */;
			targetProxy = 06BB02C4288AA94D00C61D4B /* PBXContainerItemProxy */;
		};
/* End PBXTargetDependency section */

/* Begin PBXVariantGroup section */
		06BB02AC288AA94B00C61D4B /* Main.storyboard */ = {
			isa = PBXVariantGroup;
			children = (
				06BB02AD288AA94B00C61D4B /* Base */,
			);
			name = Main.storyboard;
			sourceTree = "<group>";
		};
		06BB02B1288AA94D00C61D4B /* LaunchScreen.storyboard */ = {
			isa = PBXVariantGroup;
			children = (
				06BB02B2288AA94D00C61D4B /* Base */,
			);
			name = LaunchScreen.storyboard;
			sourceTree = "<group>";
		};
/* End PBXVariantGroup section */

/* Begin XCBuildConfiguration section */
		06BB02CB288AA94D00C61D4B /* Debug */ = {
			isa = XCBuildConfiguration;
			buildSettings = {
				ALWAYS_SEARCH_USER_PATHS = NO;
				CLANG_ANALYZER_NONNULL = YES;
				CLANG_ANALYZER_NUMBER_OBJECT_CONVERSION = YES_AGGRESSIVE;
				CLANG_CXX_LANGUAGE_STANDARD = "gnu++17";
				CLANG_ENABLE_MODULES = YES;
				CLANG_ENABLE_OBJC_ARC = YES;
				CLANG_ENABLE_OBJC_WEAK = YES;
				CLANG_WARN_BLOCK_CAPTURE_AUTORELEASING = YES;
				CLANG_WARN_BOOL_CONVERSION = YES;
				CLANG_WARN_COMMA = YES;
				CLANG_WARN_CONSTANT_CONVERSION = YES;
				CLANG_WARN_DEPRECATED_OBJC_IMPLEMENTATIONS = YES;
				CLANG_WARN_DIRECT_OBJC_ISA_USAGE = YES_ERROR;
				CLANG_WARN_DOCUMENTATION_COMMENTS = YES;
				CLANG_WARN_EMPTY_BODY = YES;
				CLANG_WARN_ENUM_CONVERSION = YES;
				CLANG_WARN_INFINITE_RECURSION = YES;
				CLANG_WARN_INT_CONVERSION = YES;
				CLANG_WARN_NON_LITERAL_NULL_CONVERSION = YES;
				CLANG_WARN_OBJC_IMPLICIT_RETAIN_SELF = YES;
				CLANG_WARN_OBJC_LITERAL_CONVERSION = YES;
				CLANG_WARN_OBJC_ROOT_CLASS = YES_ERROR;
				CLANG_WARN_QUOTED_INCLUDE_IN_FRAMEWORK_HEADER = YES;
				CLANG_WARN_RANGE_LOOP_ANALYSIS = YES;
				CLANG_WARN_STRICT_PROTOTYPES = YES;
				CLANG_WARN_SUSPICIOUS_MOVE = YES;
				CLANG_WARN_UNGUARDED_AVAILABILITY = YES_AGGRESSIVE;
				CLANG_WARN_UNREACHABLE_CODE = YES;
				CLANG_WARN__DUPLICATE_METHOD_MATCH = YES;
				COPY_PHASE_STRIP = NO;
				DEBUG_INFORMATION_FORMAT = dwarf;
				ENABLE_STRICT_OBJC_MSGSEND = YES;
				ENABLE_TESTABILITY = YES;
				GCC_C_LANGUAGE_STANDARD = gnu11;
				GCC_DYNAMIC_NO_PIC = NO;
				GCC_NO_COMMON_BLOCKS = YES;
				GCC_OPTIMIZATION_LEVEL = 0;
				GCC_PREPROCESSOR_DEFINITIONS = (
					"DEBUG=1",
					"$(inherited)",
				);
				GCC_WARN_64_TO_32_BIT_CONVERSION = YES;
				GCC_WARN_ABOUT_RETURN_TYPE = YES_ERROR;
				GCC_WARN_UNDECLARED_SELECTOR = YES;
				GCC_WARN_UNINITIALIZED_AUTOS = YES_AGGRESSIVE;
				GCC_WARN_UNUSED_FUNCTION = YES;
				GCC_WARN_UNUSED_VARIABLE = YES;
				IPHONEOS_DEPLOYMENT_TARGET = 15.5;
				MTL_ENABLE_DEBUG_INFO = INCLUDE_SOURCE;
				MTL_FAST_MATH = YES;
				ONLY_ACTIVE_ARCH = YES;
				SDKROOT = iphoneos;
				SWIFT_ACTIVE_COMPILATION_CONDITIONS = DEBUG;
				SWIFT_OPTIMIZATION_LEVEL = "-Onone";
			};
			name = Debug;
		};
		06BB02CC288AA94D00C61D4B /* Release */ = {
			isa = XCBuildConfiguration;
			buildSettings = {
				ALWAYS_SEARCH_USER_PATHS = NO;
				CLANG_ANALYZER_NONNULL = YES;
				CLANG_ANALYZER_NUMBER_OBJECT_CONVERSION = YES_AGGRESSIVE;
				CLANG_CXX_LANGUAGE_STANDARD = "gnu++17";
				CLANG_ENABLE_MODULES = YES;
				CLANG_ENABLE_OBJC_ARC = YES;
				CLANG_ENABLE_OBJC_WEAK = YES;
				CLANG_WARN_BLOCK_CAPTURE_AUTORELEASING = YES;
				CLANG_WARN_BOOL_CONVERSION = YES;
				CLANG_WARN_COMMA = YES;
				CLANG_WARN_CONSTANT_CONVERSION = YES;
				CLANG_WARN_DEPRECATED_OBJC_IMPLEMENTATIONS = YES;
				CLANG_WARN_DIRECT_OBJC_ISA_USAGE = YES_ERROR;
				CLANG_WARN_DOCUMENTATION_COMMENTS = YES;
				CLANG_WARN_EMPTY_BODY = YES;
				CLANG_WARN_ENUM_CONVERSION = YES;
				CLANG_WARN_INFINITE_RECURSION = YES;
				CLANG_WARN_INT_CONVERSION = YES;
				CLANG_WARN_NON_LITERAL_NULL_CONVERSION = YES;
				CLANG_WARN_OBJC_IMPLICIT_RETAIN_SELF = YES;
				CLANG_WARN_OBJC_LITERAL_CONVERSION = YES;
				CLANG_WARN_OBJC_ROOT_CLASS = YES_ERROR;
				CLANG_WARN_QUOTED_INCLUDE_IN_FRAMEWORK_HEADER = YES;
				CLANG_WARN_RANGE_LOOP_ANALYSIS = YES;
				CLANG_WARN_STRICT_PROTOTYPES = YES;
				CLANG_WARN_SUSPICIOUS_MOVE = YES;
				CLANG_WARN_UNGUARDED_AVAILABILITY = YES_AGGRESSIVE;
				CLANG_WARN_UNREACHABLE_CODE = YES;
				CLANG_WARN__DUPLICATE_METHOD_MATCH = YES;
				COPY_PHASE_STRIP = NO;
				DEBUG_INFORMATION_FORMAT = "dwarf-with-dsym";
				ENABLE_NS_ASSERTIONS = NO;
				ENABLE_STRICT_OBJC_MSGSEND = YES;
				GCC_C_LANGUAGE_STANDARD = gnu11;
				GCC_NO_COMMON_BLOCKS = YES;
				GCC_WARN_64_TO_32_BIT_CONVERSION = YES;
				GCC_WARN_ABOUT_RETURN_TYPE = YES_ERROR;
				GCC_WARN_UNDECLARED_SELECTOR = YES;
				GCC_WARN_UNINITIALIZED_AUTOS = YES_AGGRESSIVE;
				GCC_WARN_UNUSED_FUNCTION = YES;
				GCC_WARN_UNUSED_VARIABLE = YES;
				IPHONEOS_DEPLOYMENT_TARGET = 15.5;
				MTL_ENABLE_DEBUG_INFO = NO;
				MTL_FAST_MATH = YES;
				SDKROOT = iphoneos;
				SWIFT_COMPILATION_MODE = wholemodule;
				SWIFT_OPTIMIZATION_LEVEL = "-O";
				VALIDATE_PRODUCT = YES;
			};
			name = Release;
		};
		06BB02CE288AA94D00C61D4B /* Debug */ = {
			isa = XCBuildConfiguration;
			baseConfigurationReference = CFA190AB05C95ACFA8C9001E /* Pods-BunqTestPayment.debug.xcconfig */;
			buildSettings = {
				ASSETCATALOG_COMPILER_APPICON_NAME = AppIcon;
				ASSETCATALOG_COMPILER_GLOBAL_ACCENT_COLOR_NAME = AccentColor;
				CODE_SIGN_STYLE = Automatic;
				CURRENT_PROJECT_VERSION = 1;
				DEVELOPMENT_TEAM = 4K3HJN7A8X;
				GENERATE_INFOPLIST_FILE = YES;
				INFOPLIST_FILE = BunqTestPayment/Info.plist;
				INFOPLIST_KEY_UIApplicationSupportsIndirectInputEvents = YES;
				INFOPLIST_KEY_UILaunchStoryboardName = LaunchScreen;
				INFOPLIST_KEY_UIMainStoryboardFile = Main;
				INFOPLIST_KEY_UISupportedInterfaceOrientations_iPad = "UIInterfaceOrientationPortrait UIInterfaceOrientationPortraitUpsideDown UIInterfaceOrientationLandscapeLeft UIInterfaceOrientationLandscapeRight";
				INFOPLIST_KEY_UISupportedInterfaceOrientations_iPhone = "UIInterfaceOrientationPortrait UIInterfaceOrientationLandscapeLeft UIInterfaceOrientationLandscapeRight";
				LD_RUNPATH_SEARCH_PATHS = (
					"$(inherited)",
					"@executable_path/Frameworks",
				);
				MARKETING_VERSION = 1.0;
				PRODUCT_BUNDLE_IDENTIFIER = olegTen.BunqTestPayment;
				PRODUCT_NAME = "$(TARGET_NAME)";
				SWIFT_EMIT_LOC_STRINGS = YES;
				SWIFT_VERSION = 5.0;
				TARGETED_DEVICE_FAMILY = "1,2";
			};
			name = Debug;
		};
		06BB02CF288AA94D00C61D4B /* Release */ = {
			isa = XCBuildConfiguration;
			baseConfigurationReference = 4C8C48D63AD7557E4C9901A1 /* Pods-BunqTestPayment.release.xcconfig */;
			buildSettings = {
				ASSETCATALOG_COMPILER_APPICON_NAME = AppIcon;
				ASSETCATALOG_COMPILER_GLOBAL_ACCENT_COLOR_NAME = AccentColor;
				CODE_SIGN_STYLE = Automatic;
				CURRENT_PROJECT_VERSION = 1;
				DEVELOPMENT_TEAM = 4K3HJN7A8X;
				GENERATE_INFOPLIST_FILE = YES;
				INFOPLIST_FILE = BunqTestPayment/Info.plist;
				INFOPLIST_KEY_UIApplicationSupportsIndirectInputEvents = YES;
				INFOPLIST_KEY_UILaunchStoryboardName = LaunchScreen;
				INFOPLIST_KEY_UIMainStoryboardFile = Main;
				INFOPLIST_KEY_UISupportedInterfaceOrientations_iPad = "UIInterfaceOrientationPortrait UIInterfaceOrientationPortraitUpsideDown UIInterfaceOrientationLandscapeLeft UIInterfaceOrientationLandscapeRight";
				INFOPLIST_KEY_UISupportedInterfaceOrientations_iPhone = "UIInterfaceOrientationPortrait UIInterfaceOrientationLandscapeLeft UIInterfaceOrientationLandscapeRight";
				LD_RUNPATH_SEARCH_PATHS = (
					"$(inherited)",
					"@executable_path/Frameworks",
				);
				MARKETING_VERSION = 1.0;
				PRODUCT_BUNDLE_IDENTIFIER = olegTen.BunqTestPayment;
				PRODUCT_NAME = "$(TARGET_NAME)";
				SWIFT_EMIT_LOC_STRINGS = YES;
				SWIFT_VERSION = 5.0;
				TARGETED_DEVICE_FAMILY = "1,2";
			};
			name = Release;
		};
		06BB02D1288AA94D00C61D4B /* Debug */ = {
			isa = XCBuildConfiguration;
			baseConfigurationReference = EE3722B5B473001495C9C9D7 /* Pods-BunqTestPaymentTests.debug.xcconfig */;
			buildSettings = {
				ALWAYS_EMBED_SWIFT_STANDARD_LIBRARIES = YES;
				BUNDLE_LOADER = "$(TEST_HOST)";
				CODE_SIGN_STYLE = Automatic;
				CURRENT_PROJECT_VERSION = 1;
				DEVELOPMENT_TEAM = 4K3HJN7A8X;
				GENERATE_INFOPLIST_FILE = YES;
				IPHONEOS_DEPLOYMENT_TARGET = 15.5;
				MARKETING_VERSION = 1.0;
				PRODUCT_BUNDLE_IDENTIFIER = olegTen.BunqTestPaymentTests;
				PRODUCT_NAME = "$(TARGET_NAME)";
				SWIFT_EMIT_LOC_STRINGS = NO;
				SWIFT_VERSION = 5.0;
				TARGETED_DEVICE_FAMILY = "1,2";
				TEST_HOST = "$(BUILT_PRODUCTS_DIR)/BunqTestPayment.app/BunqTestPayment";
			};
			name = Debug;
		};
		06BB02D2288AA94D00C61D4B /* Release */ = {
			isa = XCBuildConfiguration;
			baseConfigurationReference = 8781CEEB40BC10307FA20AF1 /* Pods-BunqTestPaymentTests.release.xcconfig */;
			buildSettings = {
				ALWAYS_EMBED_SWIFT_STANDARD_LIBRARIES = YES;
				BUNDLE_LOADER = "$(TEST_HOST)";
				CODE_SIGN_STYLE = Automatic;
				CURRENT_PROJECT_VERSION = 1;
				DEVELOPMENT_TEAM = 4K3HJN7A8X;
				GENERATE_INFOPLIST_FILE = YES;
				IPHONEOS_DEPLOYMENT_TARGET = 15.5;
				MARKETING_VERSION = 1.0;
				PRODUCT_BUNDLE_IDENTIFIER = olegTen.BunqTestPaymentTests;
				PRODUCT_NAME = "$(TARGET_NAME)";
				SWIFT_EMIT_LOC_STRINGS = NO;
				SWIFT_VERSION = 5.0;
				TARGETED_DEVICE_FAMILY = "1,2";
				TEST_HOST = "$(BUILT_PRODUCTS_DIR)/BunqTestPayment.app/BunqTestPayment";
			};
			name = Release;
		};
		06BB02D4288AA94D00C61D4B /* Debug */ = {
			isa = XCBuildConfiguration;
			baseConfigurationReference = 93234EE385F49DED974BBFE8 /* Pods-BunqTestPayment-BunqTestPaymentUITests.debug.xcconfig */;
			buildSettings = {
				ALWAYS_EMBED_SWIFT_STANDARD_LIBRARIES = YES;
				CODE_SIGN_STYLE = Automatic;
				CURRENT_PROJECT_VERSION = 1;
				DEVELOPMENT_TEAM = 4K3HJN7A8X;
				GENERATE_INFOPLIST_FILE = YES;
				MARKETING_VERSION = 1.0;
				PRODUCT_BUNDLE_IDENTIFIER = olegTen.BunqTestPaymentUITests;
				PRODUCT_NAME = "$(TARGET_NAME)";
				SWIFT_EMIT_LOC_STRINGS = NO;
				SWIFT_VERSION = 5.0;
				TARGETED_DEVICE_FAMILY = "1,2";
				TEST_TARGET_NAME = BunqTestPayment;
			};
			name = Debug;
		};
		06BB02D5288AA94D00C61D4B /* Release */ = {
			isa = XCBuildConfiguration;
			baseConfigurationReference = 3FF6AE49011EE1E41481B59B /* Pods-BunqTestPayment-BunqTestPaymentUITests.release.xcconfig */;
			buildSettings = {
				ALWAYS_EMBED_SWIFT_STANDARD_LIBRARIES = YES;
				CODE_SIGN_STYLE = Automatic;
				CURRENT_PROJECT_VERSION = 1;
				DEVELOPMENT_TEAM = 4K3HJN7A8X;
				GENERATE_INFOPLIST_FILE = YES;
				MARKETING_VERSION = 1.0;
				PRODUCT_BUNDLE_IDENTIFIER = olegTen.BunqTestPaymentUITests;
				PRODUCT_NAME = "$(TARGET_NAME)";
				SWIFT_EMIT_LOC_STRINGS = NO;
				SWIFT_VERSION = 5.0;
				TARGETED_DEVICE_FAMILY = "1,2";
				TEST_TARGET_NAME = BunqTestPayment;
			};
			name = Release;
		};
/* End XCBuildConfiguration section */

/* Begin XCConfigurationList section */
		06BB029E288AA94B00C61D4B /* Build configuration list for PBXProject "BunqTestPayment" */ = {
			isa = XCConfigurationList;
			buildConfigurations = (
				06BB02CB288AA94D00C61D4B /* Debug */,
				06BB02CC288AA94D00C61D4B /* Release */,
			);
			defaultConfigurationIsVisible = 0;
			defaultConfigurationName = Release;
		};
		06BB02CD288AA94D00C61D4B /* Build configuration list for PBXNativeTarget "BunqTestPayment" */ = {
			isa = XCConfigurationList;
			buildConfigurations = (
				06BB02CE288AA94D00C61D4B /* Debug */,
				06BB02CF288AA94D00C61D4B /* Release */,
			);
			defaultConfigurationIsVisible = 0;
			defaultConfigurationName = Release;
		};
		06BB02D0288AA94D00C61D4B /* Build configuration list for PBXNativeTarget "BunqTestPaymentTests" */ = {
			isa = XCConfigurationList;
			buildConfigurations = (
				06BB02D1288AA94D00C61D4B /* Debug */,
				06BB02D2288AA94D00C61D4B /* Release */,
			);
			defaultConfigurationIsVisible = 0;
			defaultConfigurationName = Release;
		};
		06BB02D3288AA94D00C61D4B /* Build configuration list for PBXNativeTarget "BunqTestPaymentUITests" */ = {
			isa = XCConfigurationList;
			buildConfigurations = (
				06BB02D4288AA94D00C61D4B /* Debug */,
				06BB02D5288AA94D00C61D4B /* Release */,
			);
			defaultConfigurationIsVisible = 0;
			defaultConfigurationName = Release;
		};
/* End XCConfigurationList section */
	};
	rootObject = 06BB029B288AA94B00C61D4B /* Project object */;
}
